
Microsoft Visual Studio Solution File, Format Version 12.00
# Visual Studio Version 16
VisualStudioVersion = 16.0.29806.167
MinimumVisualStudioVersion = 10.0.40219.1
Project("{FAE04EC0-301F-11D3-BF4B-00C04F79EFBC}") = "Presentation", "Presentacion\Presentation.csproj", "{969A02DC-9C2E-4B6B-8379-8E895CBBDD95}"
EndProject
Project("{FAE04EC0-301F-11D3-BF4B-00C04F79EFBC}") = "Domain", "Domain\Domain.csproj", "{685A6A3A-B02A-4CC8-8580-27EED7421285}"
EndProject
Project("{FAE04EC0-301F-11D3-BF4B-00C04F79EFBC}") = "DataAccess", "DataAccess\DataAccess.csproj", "{FD5091B0-7DD7-450F-8B9B-27C93E37E370}"
EndProject
Global
	GlobalSection(SolutionConfigurationPlatforms) = preSolution
		Debug|Any CPU = Debug|Any CPU
		Release|Any CPU = Release|Any CPU
	EndGlobalSection
	GlobalSection(ProjectConfigurationPlatforms) = postSolution
		{969A02DC-9C2E-4B6B-8379-8E895CBBDD95}.Debug|Any CPU.ActiveCfg = Debug|Any CPU
		{969A02DC-9C2E-4B6B-8379-8E895CBBDD95}.Debug|Any CPU.Build.0 = Debug|Any CPU
		{969A02DC-9C2E-4B6B-8379-8E895CBBDD95}.Release|Any CPU.ActiveCfg = Release|Any CPU
		{969A02DC-9C2E-4B6B-8379-8E895CBBDD95}.Release|Any CPU.Build.0 = Release|Any CPU
		{685A6A3A-B02A-4CC8-8580-27EED7421285}.Debug|Any CPU.ActiveCfg = Debug|Any CPU
		{685A6A3A-B02A-4CC8-8580-27EED7421285}.Debug|Any CPU.Build.0 = Debug|Any CPU
		{685A6A3A-B02A-4CC8-8580-27EED7421285}.Release|Any CPU.ActiveCfg = Release|Any CPU
		{685A6A3A-B02A-4CC8-8580-27EED7421285}.Release|Any CPU.Build.0 = Release|Any CPU
		{FD5091B0-7DD7-450F-8B9B-27C93E37E370}.Debug|Any CPU.ActiveCfg = Debug|Any CPU
		{FD5091B0-7DD7-450F-8B9B-27C93E37E370}.Debug|Any CPU.Build.0 = Debug|Any CPU
		{FD5091B0-7DD7-450F-8B9B-27C93E37E370}.Release|Any CPU.ActiveCfg = Release|Any CPU
		{FD5091B0-7DD7-450F-8B9B-27C93E37E370}.Release|Any CPU.Build.0 = Release|Any CPU
	EndGlobalSection
	GlobalSection(SolutionProperties) = preSolution
		HideSolutionNode = FALSE
	EndGlobalSection
	GlobalSection(ExtensibilityGlobals) = postSolution
		SolutionGuid = {0C5692BB-B9F8-48A8-9994-23ACA7483C78}
	EndGlobalSection
EndGlobal
